
Microsoft Visual Studio Solution File, Format Version 12.00
Project("{FAE04EC0-301F-11D3-BF4B-00C04F79EFBC}") = "CSVTools", "CSVTools\CSVTools.csproj", "{8B46A01A-0C59-4747-B6B1-4EAB3E8D949B}"
EndProject
Global
	GlobalSection(SolutionConfigurationPlatforms) = preSolution
		Debug|Any CPU = Debug|Any CPU
		Release|Any CPU = Release|Any CPU
	EndGlobalSection
	GlobalSection(ProjectConfigurationPlatforms) = postSolution
		{8B46A01A-0C59-4747-B6B1-4EAB3E8D949B}.Debug|Any CPU.ActiveCfg = Debug|Any CPU
		{8B46A01A-0C59-4747-B6B1-4EAB3E8D949B}.Debug|Any CPU.Build.0 = Debug|Any CPU
		{8B46A01A-0C59-4747-B6B1-4EAB3E8D949B}.Release|Any CPU.ActiveCfg = Release|Any CPU
		{8B46A01A-0C59-4747-B6B1-4EAB3E8D949B}.Release|Any CPU.Build.0 = Release|Any CPU
	EndGlobalSection
EndGlobal
